
Microsoft Visual Studio Solution File, Format Version 12.00
# Visual Studio Version 17
VisualStudioVersion = 17.5.002.0
MinimumVisualStudioVersion = 10.0.40219.1
Project("{9A19103F-16F7-4668-BE54-9A1E7A4F7556}") = "Learning05", "Learning05.csproj", "{70E7B527-547F-41B9-951A-E8CA3CA8E3DE}"
EndProject
Global
	GlobalSection(SolutionConfigurationPlatforms) = preSolution
		Debug|Any CPU = Debug|Any CPU
		Release|Any CPU = Release|Any CPU
	EndGlobalSection
	GlobalSection(ProjectConfigurationPlatforms) = postSolution
		{70E7B527-547F-41B9-951A-E8CA3CA8E3DE}.Debug|Any CPU.ActiveCfg = Debug|Any CPU
		{70E7B527-547F-41B9-951A-E8CA3CA8E3DE}.Debug|Any CPU.Build.0 = Debug|Any CPU
		{70E7B527-547F-41B9-951A-E8CA3CA8E3DE}.Release|Any CPU.ActiveCfg = Release|Any CPU
		{70E7B527-547F-41B9-951A-E8CA3CA8E3DE}.Release|Any CPU.Build.0 = Release|Any CPU
	EndGlobalSection
	GlobalSection(SolutionProperties) = preSolution
		HideSolutionNode = FALSE
	EndGlobalSection
	GlobalSection(ExtensibilityGlobals) = postSolution
		SolutionGuid = {E7E22BEE-703F-4681-BCB9-04FE0F98C915}
	EndGlobalSection
EndGlobal
