
Microsoft Visual Studio Solution File, Format Version 12.00
# Visual Studio Version 17
VisualStudioVersion = 17.5.002.0
MinimumVisualStudioVersion = 10.0.40219.1
Project("{9A19103F-16F7-4668-BE54-9A1E7A4F7556}") = "Sandbox", "Sandbox\Sandbox.csproj", "{1544D982-86C2-4C76-B6EE-9A6516C4DBC4}"
EndProject
Global
	GlobalSection(SolutionConfigurationPlatforms) = preSolution
		Debug|Any CPU = Debug|Any CPU
		Release|Any CPU = Release|Any CPU
	EndGlobalSection
	GlobalSection(ProjectConfigurationPlatforms) = postSolution
		{1544D982-86C2-4C76-B6EE-9A6516C4DBC4}.Debug|Any CPU.ActiveCfg = Debug|Any CPU
		{1544D982-86C2-4C76-B6EE-9A6516C4DBC4}.Debug|Any CPU.Build.0 = Debug|Any CPU
		{1544D982-86C2-4C76-B6EE-9A6516C4DBC4}.Release|Any CPU.ActiveCfg = Release|Any CPU
		{1544D982-86C2-4C76-B6EE-9A6516C4DBC4}.Release|Any CPU.Build.0 = Release|Any CPU
	EndGlobalSection
	GlobalSection(SolutionProperties) = preSolution
		HideSolutionNode = FALSE
	EndGlobalSection
	GlobalSection(ExtensibilityGlobals) = postSolution
		SolutionGuid = {66A157A4-7F88-4C2A-95AE-63FDEB866BF3}
	EndGlobalSection
EndGlobal
