
Microsoft Visual Studio Solution File, Format Version 12.00
# Visual Studio Version 17
VisualStudioVersion = 17.5.002.0
MinimumVisualStudioVersion = 10.0.40219.1
Project("{2150E333-8FDC-42A3-9474-1A3956D46DE8}") = "csharp-prep", "csharp-prep", "{440FD588-C57D-4835-8379-423C5FB9D579}"
EndProject
Project("{9A19103F-16F7-4668-BE54-9A1E7A4F7556}") = "Prep1", "csharp-prep\Prep1\Prep1.csproj", "{801F5BC9-DB35-4EF6-86A1-34A7E98A0A19}"
EndProject
Project("{9A19103F-16F7-4668-BE54-9A1E7A4F7556}") = "Prep2", "csharp-prep\Prep2\Prep2.csproj", "{B7BE7780-8C97-434F-BD60-DF0B96ED61EF}"
EndProject
Project("{9A19103F-16F7-4668-BE54-9A1E7A4F7556}") = "Prep3", "csharp-prep\Prep3\Prep3.csproj", "{732F8785-0A97-4051-933B-3683610B24B9}"
EndProject
Project("{9A19103F-16F7-4668-BE54-9A1E7A4F7556}") = "Prep4", "csharp-prep\Prep4\Prep4.csproj", "{5FD648A6-8DDA-4CF9-829D-97BD4CCE828A}"
EndProject
Project("{9A19103F-16F7-4668-BE54-9A1E7A4F7556}") = "Prep5", "csharp-prep\Prep5\Prep5.csproj", "{0077A214-36F3-4B88-A764-93575A67D259}"
EndProject
Project("{2150E333-8FDC-42A3-9474-1A3956D46DE8}") = "final", "final", "{524F9532-56A9-462C-9CEE-288D8D587007}"
EndProject
Project("{9A19103F-16F7-4668-BE54-9A1E7A4F7556}") = "FinalProject", "final\FinalProject\FinalProject.csproj", "{8656993C-FD05-42BF-9827-AA4DD29F5815}"
EndProject
Project("{9A19103F-16F7-4668-BE54-9A1E7A4F7556}") = "Foundation1", "final\Foundation1\Foundation1.csproj", "{46409391-98F1-4262-AE64-4EDD43FEC048}"
EndProject
Project("{9A19103F-16F7-4668-BE54-9A1E7A4F7556}") = "Foundation2", "final\Foundation2\Foundation2.csproj", "{7DD64C4F-4551-4FF0-85F5-E124C3008B92}"
EndProject
Project("{9A19103F-16F7-4668-BE54-9A1E7A4F7556}") = "Foundation3", "final\Foundation3\Foundation3.csproj", "{64834F69-7CB0-4B84-8260-FD4F0AF9F321}"
EndProject
Project("{9A19103F-16F7-4668-BE54-9A1E7A4F7556}") = "Foundation4", "final\Foundation4\Foundation4.csproj", "{F7AFDC41-B0E9-485B-A462-6C4024B60EC5}"
EndProject
Project("{2150E333-8FDC-42A3-9474-1A3956D46DE8}") = "prepare", "prepare", "{E2F5E6F9-E4F6-4361-A90D-C209B47035ED}"
EndProject
Project("{9A19103F-16F7-4668-BE54-9A1E7A4F7556}") = "Learning02", "prepare\Learning02\Learning02.csproj", "{BC9CD102-6A4A-471D-A16A-825FE18B1814}"
EndProject
Project("{9A19103F-16F7-4668-BE54-9A1E7A4F7556}") = "Learning03", "prepare\Learning03\Learning03.csproj", "{82A42849-BDD5-41BE-9F5E-5BB31188C49B}"
EndProject
Project("{9A19103F-16F7-4668-BE54-9A1E7A4F7556}") = "Learning04", "prepare\Learning04\Learning04.csproj", "{7DC2BCD3-D654-4F25-9EB5-DA54DB62B530}"
EndProject
Project("{9A19103F-16F7-4668-BE54-9A1E7A4F7556}") = "Learning05", "prepare\Learning05\Learning05.csproj", "{7FC243A6-1874-4C4A-883D-E6752EE8CF0A}"
EndProject
Project("{2150E333-8FDC-42A3-9474-1A3956D46DE8}") = "prove", "prove", "{EBADFB5D-BB07-4699-B5E0-F143071D1BE7}"
EndProject
Project("{9A19103F-16F7-4668-BE54-9A1E7A4F7556}") = "Develop02", "prove\Develop02\Develop02.csproj", "{37171500-18DF-473D-89A4-DA672E72DA47}"
EndProject
Project("{9A19103F-16F7-4668-BE54-9A1E7A4F7556}") = "Develop03", "prove\Develop03\Develop03.csproj", "{3EF63AE5-4341-4209-9A54-A825EBC942FF}"
EndProject
Project("{9A19103F-16F7-4668-BE54-9A1E7A4F7556}") = "Develop04", "prove\Develop04\Develop04.csproj", "{5B40E98D-9F46-46C2-AC01-321AFAB67B2A}"
EndProject
Project("{9A19103F-16F7-4668-BE54-9A1E7A4F7556}") = "Develop05", "prove\Develop05\Develop05.csproj", "{5E76946D-8CC6-4162-AE1E-7C2BAE376ABF}"
EndProject
Project("{2150E333-8FDC-42A3-9474-1A3956D46DE8}") = "sandbox", "sandbox", "{81438885-154C-4A85-93F1-03DB6D24F3E5}"
EndProject
Project("{9A19103F-16F7-4668-BE54-9A1E7A4F7556}") = "Sandbox", "sandbox\Sandbox\Sandbox.csproj", "{818EB0CF-AE9B-4DF4-AFB7-82D625EDCB2E}"
EndProject
Global
	GlobalSection(SolutionConfigurationPlatforms) = preSolution
		Debug|Any CPU = Debug|Any CPU
		Release|Any CPU = Release|Any CPU
	EndGlobalSection
	GlobalSection(ProjectConfigurationPlatforms) = postSolution
		{801F5BC9-DB35-4EF6-86A1-34A7E98A0A19}.Debug|Any CPU.ActiveCfg = Debug|Any CPU
		{801F5BC9-DB35-4EF6-86A1-34A7E98A0A19}.Debug|Any CPU.Build.0 = Debug|Any CPU
		{801F5BC9-DB35-4EF6-86A1-34A7E98A0A19}.Release|Any CPU.ActiveCfg = Release|Any CPU
		{801F5BC9-DB35-4EF6-86A1-34A7E98A0A19}.Release|Any CPU.Build.0 = Release|Any CPU
		{B7BE7780-8C97-434F-BD60-DF0B96ED61EF}.Debug|Any CPU.ActiveCfg = Debug|Any CPU
		{B7BE7780-8C97-434F-BD60-DF0B96ED61EF}.Debug|Any CPU.Build.0 = Debug|Any CPU
		{B7BE7780-8C97-434F-BD60-DF0B96ED61EF}.Release|Any CPU.ActiveCfg = Release|Any CPU
		{B7BE7780-8C97-434F-BD60-DF0B96ED61EF}.Release|Any CPU.Build.0 = Release|Any CPU
		{732F8785-0A97-4051-933B-3683610B24B9}.Debug|Any CPU.ActiveCfg = Debug|Any CPU
		{732F8785-0A97-4051-933B-3683610B24B9}.Debug|Any CPU.Build.0 = Debug|Any CPU
		{732F8785-0A97-4051-933B-3683610B24B9}.Release|Any CPU.ActiveCfg = Release|Any CPU
		{732F8785-0A97-4051-933B-3683610B24B9}.Release|Any CPU.Build.0 = Release|Any CPU
		{5FD648A6-8DDA-4CF9-829D-97BD4CCE828A}.Debug|Any CPU.ActiveCfg = Debug|Any CPU
		{5FD648A6-8DDA-4CF9-829D-97BD4CCE828A}.Debug|Any CPU.Build.0 = Debug|Any CPU
		{5FD648A6-8DDA-4CF9-829D-97BD4CCE828A}.Release|Any CPU.ActiveCfg = Release|Any CPU
		{5FD648A6-8DDA-4CF9-829D-97BD4CCE828A}.Release|Any CPU.Build.0 = Release|Any CPU
		{0077A214-36F3-4B88-A764-93575A67D259}.Debug|Any CPU.ActiveCfg = Debug|Any CPU
		{0077A214-36F3-4B88-A764-93575A67D259}.Debug|Any CPU.Build.0 = Debug|Any CPU
		{0077A214-36F3-4B88-A764-93575A67D259}.Release|Any CPU.ActiveCfg = Release|Any CPU
		{0077A214-36F3-4B88-A764-93575A67D259}.Release|Any CPU.Build.0 = Release|Any CPU
		{8656993C-FD05-42BF-9827-AA4DD29F5815}.Debug|Any CPU.ActiveCfg = Debug|Any CPU
		{8656993C-FD05-42BF-9827-AA4DD29F5815}.Debug|Any CPU.Build.0 = Debug|Any CPU
		{8656993C-FD05-42BF-9827-AA4DD29F5815}.Release|Any CPU.ActiveCfg = Release|Any CPU
		{8656993C-FD05-42BF-9827-AA4DD29F5815}.Release|Any CPU.Build.0 = Release|Any CPU
		{46409391-98F1-4262-AE64-4EDD43FEC048}.Debug|Any CPU.ActiveCfg = Debug|Any CPU
		{46409391-98F1-4262-AE64-4EDD43FEC048}.Debug|Any CPU.Build.0 = Debug|Any CPU
		{46409391-98F1-4262-AE64-4EDD43FEC048}.Release|Any CPU.ActiveCfg = Release|Any CPU
		{46409391-98F1-4262-AE64-4EDD43FEC048}.Release|Any CPU.Build.0 = Release|Any CPU
		{7DD64C4F-4551-4FF0-85F5-E124C3008B92}.Debug|Any CPU.ActiveCfg = Debug|Any CPU
		{7DD64C4F-4551-4FF0-85F5-E124C3008B92}.Debug|Any CPU.Build.0 = Debug|Any CPU
		{7DD64C4F-4551-4FF0-85F5-E124C3008B92}.Release|Any CPU.ActiveCfg = Release|Any CPU
		{7DD64C4F-4551-4FF0-85F5-E124C3008B92}.Release|Any CPU.Build.0 = Release|Any CPU
		{64834F69-7CB0-4B84-8260-FD4F0AF9F321}.Debug|Any CPU.ActiveCfg = Debug|Any CPU
		{64834F69-7CB0-4B84-8260-FD4F0AF9F321}.Debug|Any CPU.Build.0 = Debug|Any CPU
		{64834F69-7CB0-4B84-8260-FD4F0AF9F321}.Release|Any CPU.ActiveCfg = Release|Any CPU
		{64834F69-7CB0-4B84-8260-FD4F0AF9F321}.Release|Any CPU.Build.0 = Release|Any CPU
		{F7AFDC41-B0E9-485B-A462-6C4024B60EC5}.Debug|Any CPU.ActiveCfg = Debug|Any CPU
		{F7AFDC41-B0E9-485B-A462-6C4024B60EC5}.Debug|Any CPU.Build.0 = Debug|Any CPU
		{F7AFDC41-B0E9-485B-A462-6C4024B60EC5}.Release|Any CPU.ActiveCfg = Release|Any CPU
		{F7AFDC41-B0E9-485B-A462-6C4024B60EC5}.Release|Any CPU.Build.0 = Release|Any CPU
		{BC9CD102-6A4A-471D-A16A-825FE18B1814}.Debug|Any CPU.ActiveCfg = Debug|Any CPU
		{BC9CD102-6A4A-471D-A16A-825FE18B1814}.Debug|Any CPU.Build.0 = Debug|Any CPU
		{BC9CD102-6A4A-471D-A16A-825FE18B1814}.Release|Any CPU.ActiveCfg = Release|Any CPU
		{BC9CD102-6A4A-471D-A16A-825FE18B1814}.Release|Any CPU.Build.0 = Release|Any CPU
		{82A42849-BDD5-41BE-9F5E-5BB31188C49B}.Debug|Any CPU.ActiveCfg = Debug|Any CPU
		{82A42849-BDD5-41BE-9F5E-5BB31188C49B}.Debug|Any CPU.Build.0 = Debug|Any CPU
		{82A42849-BDD5-41BE-9F5E-5BB31188C49B}.Release|Any CPU.ActiveCfg = Release|Any CPU
		{82A42849-BDD5-41BE-9F5E-5BB31188C49B}.Release|Any CPU.Build.0 = Release|Any CPU
		{7DC2BCD3-D654-4F25-9EB5-DA54DB62B530}.Debug|Any CPU.ActiveCfg = Debug|Any CPU
		{7DC2BCD3-D654-4F25-9EB5-DA54DB62B530}.Debug|Any CPU.Build.0 = Debug|Any CPU
		{7DC2BCD3-D654-4F25-9EB5-DA54DB62B530}.Release|Any CPU.ActiveCfg = Release|Any CPU
		{7DC2BCD3-D654-4F25-9EB5-DA54DB62B530}.Release|Any CPU.Build.0 = Release|Any CPU
		{7FC243A6-1874-4C4A-883D-E6752EE8CF0A}.Debug|Any CPU.ActiveCfg = Debug|Any CPU
		{7FC243A6-1874-4C4A-883D-E6752EE8CF0A}.Debug|Any CPU.Build.0 = Debug|Any CPU
		{7FC243A6-1874-4C4A-883D-E6752EE8CF0A}.Release|Any CPU.ActiveCfg = Release|Any CPU
		{7FC243A6-1874-4C4A-883D-E6752EE8CF0A}.Release|Any CPU.Build.0 = Release|Any CPU
		{37171500-18DF-473D-89A4-DA672E72DA47}.Debug|Any CPU.ActiveCfg = Debug|Any CPU
		{37171500-18DF-473D-89A4-DA672E72DA47}.Debug|Any CPU.Build.0 = Debug|Any CPU
		{37171500-18DF-473D-89A4-DA672E72DA47}.Release|Any CPU.ActiveCfg = Release|Any CPU
		{37171500-18DF-473D-89A4-DA672E72DA47}.Release|Any CPU.Build.0 = Release|Any CPU
		{3EF63AE5-4341-4209-9A54-A825EBC942FF}.Debug|Any CPU.ActiveCfg = Debug|Any CPU
		{3EF63AE5-4341-4209-9A54-A825EBC942FF}.Debug|Any CPU.Build.0 = Debug|Any CPU
		{3EF63AE5-4341-4209-9A54-A825EBC942FF}.Release|Any CPU.ActiveCfg = Release|Any CPU
		{3EF63AE5-4341-4209-9A54-A825EBC942FF}.Release|Any CPU.Build.0 = Release|Any CPU
		{5B40E98D-9F46-46C2-AC01-321AFAB67B2A}.Debug|Any CPU.ActiveCfg = Debug|Any CPU
		{5B40E98D-9F46-46C2-AC01-321AFAB67B2A}.Debug|Any CPU.Build.0 = Debug|Any CPU
		{5B40E98D-9F46-46C2-AC01-321AFAB67B2A}.Release|Any CPU.ActiveCfg = Release|Any CPU
		{5B40E98D-9F46-46C2-AC01-321AFAB67B2A}.Release|Any CPU.Build.0 = Release|Any CPU
		{5E76946D-8CC6-4162-AE1E-7C2BAE376ABF}.Debug|Any CPU.ActiveCfg = Debug|Any CPU
		{5E76946D-8CC6-4162-AE1E-7C2BAE376ABF}.Debug|Any CPU.Build.0 = Debug|Any CPU
		{5E76946D-8CC6-4162-AE1E-7C2BAE376ABF}.Release|Any CPU.ActiveCfg = Release|Any CPU
		{5E76946D-8CC6-4162-AE1E-7C2BAE376ABF}.Release|Any CPU.Build.0 = Release|Any CPU
		{818EB0CF-AE9B-4DF4-AFB7-82D625EDCB2E}.Debug|Any CPU.ActiveCfg = Debug|Any CPU
		{818EB0CF-AE9B-4DF4-AFB7-82D625EDCB2E}.Debug|Any CPU.Build.0 = Debug|Any CPU
		{818EB0CF-AE9B-4DF4-AFB7-82D625EDCB2E}.Release|Any CPU.ActiveCfg = Release|Any CPU
		{818EB0CF-AE9B-4DF4-AFB7-82D625EDCB2E}.Release|Any CPU.Build.0 = Release|Any CPU
	EndGlobalSection
	GlobalSection(SolutionProperties) = preSolution
		HideSolutionNode = FALSE
	EndGlobalSection
	GlobalSection(NestedProjects) = preSolution
		{801F5BC9-DB35-4EF6-86A1-34A7E98A0A19} = {440FD588-C57D-4835-8379-423C5FB9D579}
		{B7BE7780-8C97-434F-BD60-DF0B96ED61EF} = {440FD588-C57D-4835-8379-423C5FB9D579}
		{732F8785-0A97-4051-933B-3683610B24B9} = {440FD588-C57D-4835-8379-423C5FB9D579}
		{5FD648A6-8DDA-4CF9-829D-97BD4CCE828A} = {440FD588-C57D-4835-8379-423C5FB9D579}
		{0077A214-36F3-4B88-A764-93575A67D259} = {440FD588-C57D-4835-8379-423C5FB9D579}
		{8656993C-FD05-42BF-9827-AA4DD29F5815} = {524F9532-56A9-462C-9CEE-288D8D587007}
		{46409391-98F1-4262-AE64-4EDD43FEC048} = {524F9532-56A9-462C-9CEE-288D8D587007}
		{7DD64C4F-4551-4FF0-85F5-E124C3008B92} = {524F9532-56A9-462C-9CEE-288D8D587007}
		{64834F69-7CB0-4B84-8260-FD4F0AF9F321} = {524F9532-56A9-462C-9CEE-288D8D587007}
		{F7AFDC41-B0E9-485B-A462-6C4024B60EC5} = {524F9532-56A9-462C-9CEE-288D8D587007}
		{BC9CD102-6A4A-471D-A16A-825FE18B1814} = {E2F5E6F9-E4F6-4361-A90D-C209B47035ED}
		{82A42849-BDD5-41BE-9F5E-5BB31188C49B} = {E2F5E6F9-E4F6-4361-A90D-C209B47035ED}
		{7DC2BCD3-D654-4F25-9EB5-DA54DB62B530} = {E2F5E6F9-E4F6-4361-A90D-C209B47035ED}
		{7FC243A6-1874-4C4A-883D-E6752EE8CF0A} = {E2F5E6F9-E4F6-4361-A90D-C209B47035ED}
		{37171500-18DF-473D-89A4-DA672E72DA47} = {EBADFB5D-BB07-4699-B5E0-F143071D1BE7}
		{3EF63AE5-4341-4209-9A54-A825EBC942FF} = {EBADFB5D-BB07-4699-B5E0-F143071D1BE7}
		{5B40E98D-9F46-46C2-AC01-321AFAB67B2A} = {EBADFB5D-BB07-4699-B5E0-F143071D1BE7}
		{5E76946D-8CC6-4162-AE1E-7C2BAE376ABF} = {EBADFB5D-BB07-4699-B5E0-F143071D1BE7}
		{818EB0CF-AE9B-4DF4-AFB7-82D625EDCB2E} = {81438885-154C-4A85-93F1-03DB6D24F3E5}
	EndGlobalSection
	GlobalSection(ExtensibilityGlobals) = postSolution
		SolutionGuid = {8717971B-7433-41B4-A575-E81CBF881E71}
	EndGlobalSection
EndGlobal
