
Microsoft Visual Studio Solution File, Format Version 12.00
# Visual Studio Version 17
VisualStudioVersion = 17.5.002.0
MinimumVisualStudioVersion = 10.0.40219.1
Project("{9A19103F-16F7-4668-BE54-9A1E7A4F7556}") = "FinalProject", "FinalProject\FinalProject.csproj", "{0EF45F56-C2F1-4BD5-AF13-03BC771126EF}"
EndProject
Project("{9A19103F-16F7-4668-BE54-9A1E7A4F7556}") = "Foundation1", "Foundation1\Foundation1.csproj", "{DB7712B5-52AA-4545-A853-57CE440C491C}"
EndProject
Project("{9A19103F-16F7-4668-BE54-9A1E7A4F7556}") = "Foundation2", "Foundation2\Foundation2.csproj", "{6883E4C8-1643-4012-BD05-EF3B7E8B6FCB}"
EndProject
Project("{9A19103F-16F7-4668-BE54-9A1E7A4F7556}") = "Foundation3", "Foundation3\Foundation3.csproj", "{C39E86EE-3FBC-4B08-80E3-25E9A1BEF977}"
EndProject
Project("{9A19103F-16F7-4668-BE54-9A1E7A4F7556}") = "Foundation4", "Foundation4\Foundation4.csproj", "{933ED228-6220-43FF-8FFD-9856B620DAF1}"
EndProject
Global
	GlobalSection(SolutionConfigurationPlatforms) = preSolution
		Debug|Any CPU = Debug|Any CPU
		Release|Any CPU = Release|Any CPU
	EndGlobalSection
	GlobalSection(ProjectConfigurationPlatforms) = postSolution
		{0EF45F56-C2F1-4BD5-AF13-03BC771126EF}.Debug|Any CPU.ActiveCfg = Debug|Any CPU
		{0EF45F56-C2F1-4BD5-AF13-03BC771126EF}.Debug|Any CPU.Build.0 = Debug|Any CPU
		{0EF45F56-C2F1-4BD5-AF13-03BC771126EF}.Release|Any CPU.ActiveCfg = Release|Any CPU
		{0EF45F56-C2F1-4BD5-AF13-03BC771126EF}.Release|Any CPU.Build.0 = Release|Any CPU
		{DB7712B5-52AA-4545-A853-57CE440C491C}.Debug|Any CPU.ActiveCfg = Debug|Any CPU
		{DB7712B5-52AA-4545-A853-57CE440C491C}.Debug|Any CPU.Build.0 = Debug|Any CPU
		{DB7712B5-52AA-4545-A853-57CE440C491C}.Release|Any CPU.ActiveCfg = Release|Any CPU
		{DB7712B5-52AA-4545-A853-57CE440C491C}.Release|Any CPU.Build.0 = Release|Any CPU
		{6883E4C8-1643-4012-BD05-EF3B7E8B6FCB}.Debug|Any CPU.ActiveCfg = Debug|Any CPU
		{6883E4C8-1643-4012-BD05-EF3B7E8B6FCB}.Debug|Any CPU.Build.0 = Debug|Any CPU
		{6883E4C8-1643-4012-BD05-EF3B7E8B6FCB}.Release|Any CPU.ActiveCfg = Release|Any CPU
		{6883E4C8-1643-4012-BD05-EF3B7E8B6FCB}.Release|Any CPU.Build.0 = Release|Any CPU
		{C39E86EE-3FBC-4B08-80E3-25E9A1BEF977}.Debug|Any CPU.ActiveCfg = Debug|Any CPU
		{C39E86EE-3FBC-4B08-80E3-25E9A1BEF977}.Debug|Any CPU.Build.0 = Debug|Any CPU
		{C39E86EE-3FBC-4B08-80E3-25E9A1BEF977}.Release|Any CPU.ActiveCfg = Release|Any CPU
		{C39E86EE-3FBC-4B08-80E3-25E9A1BEF977}.Release|Any CPU.Build.0 = Release|Any CPU
		{933ED228-6220-43FF-8FFD-9856B620DAF1}.Debug|Any CPU.ActiveCfg = Debug|Any CPU
		{933ED228-6220-43FF-8FFD-9856B620DAF1}.Debug|Any CPU.Build.0 = Debug|Any CPU
		{933ED228-6220-43FF-8FFD-9856B620DAF1}.Release|Any CPU.ActiveCfg = Release|Any CPU
		{933ED228-6220-43FF-8FFD-9856B620DAF1}.Release|Any CPU.Build.0 = Release|Any CPU
	EndGlobalSection
	GlobalSection(SolutionProperties) = preSolution
		HideSolutionNode = FALSE
	EndGlobalSection
	GlobalSection(ExtensibilityGlobals) = postSolution
		SolutionGuid = {14163C6F-7761-4D3B-91E6-49289B34E764}
	EndGlobalSection
EndGlobal
